// !$*UTF8*$!
{
	archiveVersion = 1;
	classes = {
	};
	objectVersion = 50;
	objects = {

/* Begin PBXBuildFile section */
		9BF4725422C1FEE4005FADB9 /* AppDelegate.m in Sources */ = {isa = PBXBuildFile; fileRef = 9BF4725322C1FEE4005FADB9 /* AppDelegate.m */; };
		9BF4725C22C1FEE6005FADB9 /* Assets.xcassets in Resources */ = {isa = PBXBuildFile; fileRef = 9BF4725B22C1FEE6005FADB9 /* Assets.xcassets */; };
		9BF4725F22C1FEE6005FADB9 /* LaunchScreen.storyboard in Resources */ = {isa = PBXBuildFile; fileRef = 9BF4725D22C1FEE6005FADB9 /* LaunchScreen.storyboard */; };
		9BF4726222C1FEE6005FADB9 /* main.m in Sources */ = {isa = PBXBuildFile; fileRef = 9BF4726122C1FEE6005FADB9 /* main.m */; };
		9BF4726A22C1FF37005FADB9 /* HomeViewController.m in Sources */ = {isa = PBXBuildFile; fileRef = 9BF4726922C1FF37005FADB9 /* HomeViewController.m */; };
		9BF4727922C201F4005FADB9 /* XMTaskScheduleFrameModel.m in Sources */ = {isa = PBXBuildFile; fileRef = 9BF4727622C201F4005FADB9 /* XMTaskScheduleFrameModel.m */; };
		9BF4727A22C201F4005FADB9 /* XMTaskScheduleModel.m in Sources */ = {isa = PBXBuildFile; fileRef = 9BF4727722C201F4005FADB9 /* XMTaskScheduleModel.m */; };
		9BF4728122C2020E005FADB9 /* XMTaskScheduleFooterView.m in Sources */ = {isa = PBXBuildFile; fileRef = 9BF4727E22C2020E005FADB9 /* XMTaskScheduleFooterView.m */; };
		9BF4728222C2020E005FADB9 /* XMTaskScheduleCell.m in Sources */ = {isa = PBXBuildFile; fileRef = 9BF4727F22C2020E005FADB9 /* XMTaskScheduleCell.m */; };
		9BF4728322C2020E005FADB9 /* XMTaskScheduleHeaderView.m in Sources */ = {isa = PBXBuildFile; fileRef = 9BF4728022C2020E005FADB9 /* XMTaskScheduleHeaderView.m */; };
		9BF4728622C2026B005FADB9 /* XMTaskScheduleViewController.m in Sources */ = {isa = PBXBuildFile; fileRef = 9BF4728522C2026B005FADB9 /* XMTaskScheduleViewController.m */; };
		F7868767739065462E2339FC /* libPods-QQNewScheduleView.a in Frameworks */ = {isa = PBXBuildFile; fileRef = 1189EB609FD6B251D0D12405 /* libPods-QQNewScheduleView.a */; };
/* End PBXBuildFile section */

/* Begin PBXFileReference section */
		1189EB609FD6B251D0D12405 /* libPods-QQNewScheduleView.a */ = {isa = PBXFileReference; explicitFileType = archive.ar; includeInIndex = 0; path = "libPods-QQNewScheduleView.a"; sourceTree = BUILT_PRODUCTS_DIR; };
		758113930BB30671307D2507 /* Pods-QQNewScheduleView.debug.xcconfig */ = {isa = PBXFileReference; includeInIndex = 1; lastKnownFileType = text.xcconfig; name = "Pods-QQNewScheduleView.debug.xcconfig"; path = "Pods/Target Support Files/Pods-QQNewScheduleView/Pods-QQNewScheduleView.debug.xcconfig"; sourceTree = "<group>"; };
		80EF97CCBACEB61025A16B45 /* Pods-QQNewScheduleView.release.xcconfig */ = {isa = PBXFileReference; includeInIndex = 1; lastKnownFileType = text.xcconfig; name = "Pods-QQNewScheduleView.release.xcconfig"; path = "Pods/Target Support Files/Pods-QQNewScheduleView/Pods-QQNewScheduleView.release.xcconfig"; sourceTree = "<group>"; };
		9BF4724F22C1FEE4005FADB9 /* QQNewScheduleView.app */ = {isa = PBXFileReference; explicitFileType = wrapper.application; includeInIndex = 0; path = QQNewScheduleView.app; sourceTree = BUILT_PRODUCTS_DIR; };
		9BF4725222C1FEE4005FADB9 /* AppDelegate.h */ = {isa = PBXFileReference; lastKnownFileType = sourcecode.c.h; path = AppDelegate.h; sourceTree = "<group>"; };
		9BF4725322C1FEE4005FADB9 /* AppDelegate.m */ = {isa = PBXFileReference; lastKnownFileType = sourcecode.c.objc; path = AppDelegate.m; sourceTree = "<group>"; };
		9BF4725B22C1FEE6005FADB9 /* Assets.xcassets */ = {isa = PBXFileReference; lastKnownFileType = folder.assetcatalog; path = Assets.xcassets; sourceTree = "<group>"; };
		9BF4725E22C1FEE6005FADB9 /* Base */ = {isa = PBXFileReference; lastKnownFileType = file.storyboard; name = Base; path = Base.lproj/LaunchScreen.storyboard; sourceTree = "<group>"; };
		9BF4726022C1FEE6005FADB9 /* Info.plist */ = {isa = PBXFileReference; lastKnownFileType = text.plist.xml; path = Info.plist; sourceTree = "<group>"; };
		9BF4726122C1FEE6005FADB9 /* main.m */ = {isa = PBXFileReference; lastKnownFileType = sourcecode.c.objc; path = main.m; sourceTree = "<group>"; };
		9BF4726822C1FF36005FADB9 /* HomeViewController.h */ = {isa = PBXFileReference; lastKnownFileType = sourcecode.c.h; path = HomeViewController.h; sourceTree = "<group>"; };
		9BF4726922C1FF37005FADB9 /* HomeViewController.m */ = {isa = PBXFileReference; lastKnownFileType = sourcecode.c.objc; path = HomeViewController.m; sourceTree = "<group>"; };
		9BF4727522C201F4005FADB9 /* XMTaskScheduleModel.h */ = {isa = PBXFileReference; fileEncoding = 4; lastKnownFileType = sourcecode.c.h; path = XMTaskScheduleModel.h; sourceTree = "<group>"; };
		9BF4727622C201F4005FADB9 /* XMTaskScheduleFrameModel.m */ = {isa = PBXFileReference; fileEncoding = 4; lastKnownFileType = sourcecode.c.objc; path = XMTaskScheduleFrameModel.m; sourceTree = "<group>"; };
		9BF4727722C201F4005FADB9 /* XMTaskScheduleModel.m */ = {isa = PBXFileReference; fileEncoding = 4; lastKnownFileType = sourcecode.c.objc; path = XMTaskScheduleModel.m; sourceTree = "<group>"; };
		9BF4727822C201F4005FADB9 /* XMTaskScheduleFrameModel.h */ = {isa = PBXFileReference; fileEncoding = 4; lastKnownFileType = sourcecode.c.h; path = XMTaskScheduleFrameModel.h; sourceTree = "<group>"; };
		9BF4727B22C2020E005FADB9 /* XMTaskScheduleCell.h */ = {isa = PBXFileReference; fileEncoding = 4; lastKnownFileType = sourcecode.c.h; path = XMTaskScheduleCell.h; sourceTree = "<group>"; };
		9BF4727C22C2020E005FADB9 /* XMTaskScheduleFooterView.h */ = {isa = PBXFileReference; fileEncoding = 4; lastKnownFileType = sourcecode.c.h; path = XMTaskScheduleFooterView.h; sourceTree = "<group>"; };
		9BF4727D22C2020E005FADB9 /* XMTaskScheduleHeaderView.h */ = {isa = PBXFileReference; fileEncoding = 4; lastKnownFileType = sourcecode.c.h; path = XMTaskScheduleHeaderView.h; sourceTree = "<group>"; };
		9BF4727E22C2020E005FADB9 /* XMTaskScheduleFooterView.m */ = {isa = PBXFileReference; fileEncoding = 4; lastKnownFileType = sourcecode.c.objc; path = XMTaskScheduleFooterView.m; sourceTree = "<group>"; };
		9BF4727F22C2020E005FADB9 /* XMTaskScheduleCell.m */ = {isa = PBXFileReference; fileEncoding = 4; lastKnownFileType = sourcecode.c.objc; path = XMTaskScheduleCell.m; sourceTree = "<group>"; };
		9BF4728022C2020E005FADB9 /* XMTaskScheduleHeaderView.m */ = {isa = PBXFileReference; fileEncoding = 4; lastKnownFileType = sourcecode.c.objc; path = XMTaskScheduleHeaderView.m; sourceTree = "<group>"; };
		9BF4728422C2026B005FADB9 /* XMTaskScheduleViewController.h */ = {isa = PBXFileReference; lastKnownFileType = sourcecode.c.h; path = XMTaskScheduleViewController.h; sourceTree = "<group>"; };
		9BF4728522C2026B005FADB9 /* XMTaskScheduleViewController.m */ = {isa = PBXFileReference; lastKnownFileType = sourcecode.c.objc; path = XMTaskScheduleViewController.m; sourceTree = "<group>"; };
/* End PBXFileReference section */

/* Begin PBXFrameworksBuildPhase section */
		9BF4724C22C1FEE4005FADB9 /* Frameworks */ = {
			isa = PBXFrameworksBuildPhase;
			buildActionMask = 2147483647;
			files = (
				F7868767739065462E2339FC /* libPods-QQNewScheduleView.a in Frameworks */,
			);
			runOnlyForDeploymentPostprocessing = 0;
		};
/* End PBXFrameworksBuildPhase section */

/* Begin PBXGroup section */
		07D0B5F91350C4F50B0CF3E7 /* Pods */ = {
			isa = PBXGroup;
			children = (
				758113930BB30671307D2507 /* Pods-QQNewScheduleView.debug.xcconfig */,
				80EF97CCBACEB61025A16B45 /* Pods-QQNewScheduleView.release.xcconfig */,
			);
			name = Pods;
			sourceTree = "<group>";
		};
		3616056337B9B5AD85E58239 /* Frameworks */ = {
			isa = PBXGroup;
			children = (
				1189EB609FD6B251D0D12405 /* libPods-QQNewScheduleView.a */,
			);
			name = Frameworks;
			sourceTree = "<group>";
		};
		9BF4724622C1FEE4005FADB9 = {
			isa = PBXGroup;
			children = (
				9BF4725122C1FEE4005FADB9 /* QQNewScheduleView */,
				9BF4725022C1FEE4005FADB9 /* Products */,
				07D0B5F91350C4F50B0CF3E7 /* Pods */,
				3616056337B9B5AD85E58239 /* Frameworks */,
			);
			sourceTree = "<group>";
		};
		9BF4725022C1FEE4005FADB9 /* Products */ = {
			isa = PBXGroup;
			children = (
				9BF4724F22C1FEE4005FADB9 /* QQNewScheduleView.app */,
			);
			name = Products;
			sourceTree = "<group>";
		};
		9BF4725122C1FEE4005FADB9 /* QQNewScheduleView */ = {
			isa = PBXGroup;
			children = (
				9BF4725222C1FEE4005FADB9 /* AppDelegate.h */,
				9BF4725322C1FEE4005FADB9 /* AppDelegate.m */,
				9BF4726822C1FF36005FADB9 /* HomeViewController.h */,
				9BF4726922C1FF37005FADB9 /* HomeViewController.m */,
				9BF4726B22C20173005FADB9 /* TaskSchedule */,
				9BF4725B22C1FEE6005FADB9 /* Assets.xcassets */,
				9BF4725D22C1FEE6005FADB9 /* LaunchScreen.storyboard */,
				9BF4726022C1FEE6005FADB9 /* Info.plist */,
				9BF4726122C1FEE6005FADB9 /* main.m */,
			);
			path = QQNewScheduleView;
			sourceTree = "<group>";
		};
		9BF4726B22C20173005FADB9 /* TaskSchedule */ = {
			isa = PBXGroup;
			children = (
				9BF4727022C201D3005FADB9 /* Controller */,
				9BF4726F22C201D3005FADB9 /* Model */,
				9BF4727322C201D3005FADB9 /* View */,
			);
			path = TaskSchedule;
			sourceTree = "<group>";
		};
		9BF4726F22C201D3005FADB9 /* Model */ = {
			isa = PBXGroup;
			children = (
				9BF4727822C201F4005FADB9 /* XMTaskScheduleFrameModel.h */,
				9BF4727622C201F4005FADB9 /* XMTaskScheduleFrameModel.m */,
				9BF4727522C201F4005FADB9 /* XMTaskScheduleModel.h */,
				9BF4727722C201F4005FADB9 /* XMTaskScheduleModel.m */,
			);
			path = Model;
			sourceTree = "<group>";
		};
		9BF4727022C201D3005FADB9 /* Controller */ = {
			isa = PBXGroup;
			children = (
				9BF4728422C2026B005FADB9 /* XMTaskScheduleViewController.h */,
				9BF4728522C2026B005FADB9 /* XMTaskScheduleViewController.m */,
			);
			path = Controller;
			sourceTree = "<group>";
		};
		9BF4727322C201D3005FADB9 /* View */ = {
			isa = PBXGroup;
			children = (
				9BF4727D22C2020E005FADB9 /* XMTaskScheduleHeaderView.h */,
				9BF4728022C2020E005FADB9 /* XMTaskScheduleHeaderView.m */,
				9BF4727B22C2020E005FADB9 /* XMTaskScheduleCell.h */,
				9BF4727F22C2020E005FADB9 /* XMTaskScheduleCell.m */,
				9BF4727C22C2020E005FADB9 /* XMTaskScheduleFooterView.h */,
				9BF4727E22C2020E005FADB9 /* XMTaskScheduleFooterView.m */,
			);
			path = View;
			sourceTree = "<group>";
		};
/* End PBXGroup section */

/* Begin PBXNativeTarget section */
		9BF4724E22C1FEE4005FADB9 /* QQNewScheduleView */ = {
			isa = PBXNativeTarget;
			buildConfigurationList = 9BF4726522C1FEE6005FADB9 /* Build configuration list for PBXNativeTarget "QQNewScheduleView" */;
			buildPhases = (
				792C488389C4BE358789CFD8 /* [CP] Check Pods Manifest.lock */,
				9BF4724B22C1FEE4005FADB9 /* Sources */,
				9BF4724C22C1FEE4005FADB9 /* Frameworks */,
				9BF4724D22C1FEE4005FADB9 /* Resources */,
			);
			buildRules = (
			);
			dependencies = (
			);
			name = QQNewScheduleView;
			productName = QQNewScheduleView;
			productReference = 9BF4724F22C1FEE4005FADB9 /* QQNewScheduleView.app */;
			productType = "com.apple.product-type.application";
		};
/* End PBXNativeTarget section */

/* Begin PBXProject section */
		9BF4724722C1FEE4005FADB9 /* Project object */ = {
			isa = PBXProject;
			attributes = {
				LastUpgradeCheck = 1020;
				ORGANIZATIONNAME = JiuFuKeJi;
				TargetAttributes = {
					9BF4724E22C1FEE4005FADB9 = {
						CreatedOnToolsVersion = 10.2.1;
					};
				};
			};
			buildConfigurationList = 9BF4724A22C1FEE4005FADB9 /* Build configuration list for PBXProject "QQNewScheduleView" */;
			compatibilityVersion = "Xcode 9.3";
			developmentRegion = en;
			hasScannedForEncodings = 0;
			knownRegions = (
				en,
				Base,
			);
			mainGroup = 9BF4724622C1FEE4005FADB9;
			productRefGroup = 9BF4725022C1FEE4005FADB9 /* Products */;
			projectDirPath = "";
			projectRoot = "";
			targets = (
				9BF4724E22C1FEE4005FADB9 /* QQNewScheduleView */,
			);
		};
/* End PBXProject section */

/* Begin PBXResourcesBuildPhase section */
		9BF4724D22C1FEE4005FADB9 /* Resources */ = {
			isa = PBXResourcesBuildPhase;
			buildActionMask = 2147483647;
			files = (
				9BF4725F22C1FEE6005FADB9 /* LaunchScreen.storyboard in Resources */,
				9BF4725C22C1FEE6005FADB9 /* Assets.xcassets in Resources */,
			);
			runOnlyForDeploymentPostprocessing = 0;
		};
/* End PBXResourcesBuildPhase section */

/* Begin PBXShellScriptBuildPhase section */
		792C488389C4BE358789CFD8 /* [CP] Check Pods Manifest.lock */ = {
			isa = PBXShellScriptBuildPhase;
			buildActionMask = 2147483647;
			files = (
			);
			inputFileListPaths = (
			);
			inputPaths = (
				"${PODS_PODFILE_DIR_PATH}/Podfile.lock",
				"${PODS_ROOT}/Manifest.lock",
			);
			name = "[CP] Check Pods Manifest.lock";
			outputFileListPaths = (
			);
			outputPaths = (
				"$(DERIVED_FILE_DIR)/Pods-QQNewScheduleView-checkManifestLockResult.txt",
			);
			runOnlyForDeploymentPostprocessing = 0;
			shellPath = /bin/sh;
			shellScript = "diff \"${PODS_PODFILE_DIR_PATH}/Podfile.lock\" \"${PODS_ROOT}/Manifest.lock\" > /dev/null\nif [ $? != 0 ] ; then\n    # print error to STDERR\n    echo \"error: The sandbox is not in sync with the Podfile.lock. Run 'pod install' or update your CocoaPods installation.\" >&2\n    exit 1\nfi\n# This output is used by Xcode 'outputs' to avoid re-running this script phase.\necho \"SUCCESS\" > \"${SCRIPT_OUTPUT_FILE_0}\"\n";
			showEnvVarsInLog = 0;
		};
/* End PBXShellScriptBuildPhase section */

/* Begin PBXSourcesBuildPhase section */
		9BF4724B22C1FEE4005FADB9 /* Sources */ = {
			isa = PBXSourcesBuildPhase;
			buildActionMask = 2147483647;
			files = (
				9BF4728622C2026B005FADB9 /* XMTaskScheduleViewController.m in Sources */,
				9BF4728122C2020E005FADB9 /* XMTaskScheduleFooterView.m in Sources */,
				9BF4727A22C201F4005FADB9 /* XMTaskScheduleModel.m in Sources */,
				9BF4726222C1FEE6005FADB9 /* main.m in Sources */,
				9BF4728222C2020E005FADB9 /* XMTaskScheduleCell.m in Sources */,
				9BF4725422C1FEE4005FADB9 /* AppDelegate.m in Sources */,
				9BF4726A22C1FF37005FADB9 /* HomeViewController.m in Sources */,
				9BF4728322C2020E005FADB9 /* XMTaskScheduleHeaderView.m in Sources */,
				9BF4727922C201F4005FADB9 /* XMTaskScheduleFrameModel.m in Sources */,
			);
			runOnlyForDeploymentPostprocessing = 0;
		};
/* End PBXSourcesBuildPhase section */

/* Begin PBXVariantGroup section */
		9BF4725D22C1FEE6005FADB9 /* LaunchScreen.storyboard */ = {
			isa = PBXVariantGroup;
			children = (
				9BF4725E22C1FEE6005FADB9 /* Base */,
			);
			name = LaunchScreen.storyboard;
			sourceTree = "<group>";
		};
/* End PBXVariantGroup section */

/* Begin XCBuildConfiguration section */
		9BF4726322C1FEE6005FADB9 /* Debug */ = {
			isa = XCBuildConfiguration;
			buildSettings = {
				ALWAYS_SEARCH_USER_PATHS = NO;
				CLANG_ANALYZER_NONNULL = YES;
				CLANG_ANALYZER_NUMBER_OBJECT_CONVERSION = YES_AGGRESSIVE;
				CLANG_CXX_LANGUAGE_STANDARD = "gnu++14";
				CLANG_CXX_LIBRARY = "libc++";
				CLANG_ENABLE_MODULES = YES;
				CLANG_ENABLE_OBJC_ARC = YES;
				CLANG_ENABLE_OBJC_WEAK = YES;
				CLANG_WARN_BLOCK_CAPTURE_AUTORELEASING = YES;
				CLANG_WARN_BOOL_CONVERSION = YES;
				CLANG_WARN_COMMA = YES;
				CLANG_WARN_CONSTANT_CONVERSION = YES;
				CLANG_WARN_DEPRECATED_OBJC_IMPLEMENTATIONS = YES;
				CLANG_WARN_DIRECT_OBJC_ISA_USAGE = YES_ERROR;
				CLANG_WARN_DOCUMENTATION_COMMENTS = YES;
				CLANG_WARN_EMPTY_BODY = YES;
				CLANG_WARN_ENUM_CONVERSION = YES;
				CLANG_WARN_INFINITE_RECURSION = YES;
				CLANG_WARN_INT_CONVERSION = YES;
				CLANG_WARN_NON_LITERAL_NULL_CONVERSION = YES;
				CLANG_WARN_OBJC_IMPLICIT_RETAIN_SELF = YES;
				CLANG_WARN_OBJC_LITERAL_CONVERSION = YES;
				CLANG_WARN_OBJC_ROOT_CLASS = YES_ERROR;
				CLANG_WARN_RANGE_LOOP_ANALYSIS = YES;
				CLANG_WARN_STRICT_PROTOTYPES = YES;
				CLANG_WARN_SUSPICIOUS_MOVE = YES;
				CLANG_WARN_UNGUARDED_AVAILABILITY = YES_AGGRESSIVE;
				CLANG_WARN_UNREACHABLE_CODE = YES;
				CLANG_WARN__DUPLICATE_METHOD_MATCH = YES;
				CODE_SIGN_IDENTITY = "iPhone Developer";
				COPY_PHASE_STRIP = NO;
				DEBUG_INFORMATION_FORMAT = dwarf;
				ENABLE_STRICT_OBJC_MSGSEND = YES;
				ENABLE_TESTABILITY = YES;
				GCC_C_LANGUAGE_STANDARD = gnu11;
				GCC_DYNAMIC_NO_PIC = NO;
				GCC_NO_COMMON_BLOCKS = YES;
				GCC_OPTIMIZATION_LEVEL = 0;
				GCC_PREPROCESSOR_DEFINITIONS = (
					"DEBUG=1",
					"$(inherited)",
				);
				GCC_WARN_64_TO_32_BIT_CONVERSION = YES;
				GCC_WARN_ABOUT_RETURN_TYPE = YES_ERROR;
				GCC_WARN_UNDECLARED_SELECTOR = YES;
				GCC_WARN_UNINITIALIZED_AUTOS = YES_AGGRESSIVE;
				GCC_WARN_UNUSED_FUNCTION = YES;
				GCC_WARN_UNUSED_VARIABLE = YES;
				IPHONEOS_DEPLOYMENT_TARGET = 12.2;
				MTL_ENABLE_DEBUG_INFO = INCLUDE_SOURCE;
				MTL_FAST_MATH = YES;
				ONLY_ACTIVE_ARCH = YES;
				SDKROOT = iphoneos;
			};
			name = Debug;
		};
		9BF4726422C1FEE6005FADB9 /* Release */ = {
			isa = XCBuildConfiguration;
			buildSettings = {
				ALWAYS_SEARCH_USER_PATHS = NO;
				CLANG_ANALYZER_NONNULL = YES;
				CLANG_ANALYZER_NUMBER_OBJECT_CONVERSION = YES_AGGRESSIVE;
				CLANG_CXX_LANGUAGE_STANDARD = "gnu++14";
				CLANG_CXX_LIBRARY = "libc++";
				CLANG_ENABLE_MODULES = YES;
				CLANG_ENABLE_OBJC_ARC = YES;
				CLANG_ENABLE_OBJC_WEAK = YES;
				CLANG_WARN_BLOCK_CAPTURE_AUTORELEASING = YES;
				CLANG_WARN_BOOL_CONVERSION = YES;
				CLANG_WARN_COMMA = YES;
				CLANG_WARN_CONSTANT_CONVERSION = YES;
				CLANG_WARN_DEPRECATED_OBJC_IMPLEMENTATIONS = YES;
				CLANG_WARN_DIRECT_OBJC_ISA_USAGE = YES_ERROR;
				CLANG_WARN_DOCUMENTATION_COMMENTS = YES;
				CLANG_WARN_EMPTY_BODY = YES;
				CLANG_WARN_ENUM_CONVERSION = YES;
				CLANG_WARN_INFINITE_RECURSION = YES;
				CLANG_WARN_INT_CONVERSION = YES;
				CLANG_WARN_NON_LITERAL_NULL_CONVERSION = YES;
				CLANG_WARN_OBJC_IMPLICIT_RETAIN_SELF = YES;
				CLANG_WARN_OBJC_LITERAL_CONVERSION = YES;
				CLANG_WARN_OBJC_ROOT_CLASS = YES_ERROR;
				CLANG_WARN_RANGE_LOOP_ANALYSIS = YES;
				CLANG_WARN_STRICT_PROTOTYPES = YES;
				CLANG_WARN_SUSPICIOUS_MOVE = YES;
				CLANG_WARN_UNGUARDED_AVAILABILITY = YES_AGGRESSIVE;
				CLANG_WARN_UNREACHABLE_CODE = YES;
				CLANG_WARN__DUPLICATE_METHOD_MATCH = YES;
				CODE_SIGN_IDENTITY = "iPhone Developer";
				COPY_PHASE_STRIP = NO;
				DEBUG_INFORMATION_FORMAT = "dwarf-with-dsym";
				ENABLE_NS_ASSERTIONS = NO;
				ENABLE_STRICT_OBJC_MSGSEND = YES;
				GCC_C_LANGUAGE_STANDARD = gnu11;
				GCC_NO_COMMON_BLOCKS = YES;
				GCC_WARN_64_TO_32_BIT_CONVERSION = YES;
				GCC_WARN_ABOUT_RETURN_TYPE = YES_ERROR;
				GCC_WARN_UNDECLARED_SELECTOR = YES;
				GCC_WARN_UNINITIALIZED_AUTOS = YES_AGGRESSIVE;
				GCC_WARN_UNUSED_FUNCTION = YES;
				GCC_WARN_UNUSED_VARIABLE = YES;
				IPHONEOS_DEPLOYMENT_TARGET = 12.2;
				MTL_ENABLE_DEBUG_INFO = NO;
				MTL_FAST_MATH = YES;
				SDKROOT = iphoneos;
				VALIDATE_PRODUCT = YES;
			};
			name = Release;
		};
		9BF4726622C1FEE6005FADB9 /* Debug */ = {
			isa = XCBuildConfiguration;
			baseConfigurationReference = 758113930BB30671307D2507 /* Pods-QQNewScheduleView.debug.xcconfig */;
			buildSettings = {
				ASSETCATALOG_COMPILER_APPICON_NAME = AppIcon;
				CODE_SIGN_STYLE = Automatic;
				DEVELOPMENT_TEAM = 8V3D3JG4H4;
				INFOPLIST_FILE = QQNewScheduleView/Info.plist;
				LD_RUNPATH_SEARCH_PATHS = (
					"$(inherited)",
					"@executable_path/Frameworks",
				);
				PRODUCT_BUNDLE_IDENTIFIER = com.baidu.com.QQNewScheduleView;
				PRODUCT_NAME = "$(TARGET_NAME)";
				TARGETED_DEVICE_FAMILY = "1,2";
			};
			name = Debug;
		};
		9BF4726722C1FEE6005FADB9 /* Release */ = {
			isa = XCBuildConfiguration;
			baseConfigurationReference = 80EF97CCBACEB61025A16B45 /* Pods-QQNewScheduleView.release.xcconfig */;
			buildSettings = {
				ASSETCATALOG_COMPILER_APPICON_NAME = AppIcon;
				CODE_SIGN_STYLE = Automatic;
				DEVELOPMENT_TEAM = 8V3D3JG4H4;
				INFOPLIST_FILE = QQNewScheduleView/Info.plist;
				LD_RUNPATH_SEARCH_PATHS = (
					"$(inherited)",
					"@executable_path/Frameworks",
				);
				PRODUCT_BUNDLE_IDENTIFIER = com.baidu.com.QQNewScheduleView;
				PRODUCT_NAME = "$(TARGET_NAME)";
				TARGETED_DEVICE_FAMILY = "1,2";
			};
			name = Release;
		};
/* End XCBuildConfiguration section */

/* Begin XCConfigurationList section */
		9BF4724A22C1FEE4005FADB9 /* Build configuration list for PBXProject "QQNewScheduleView" */ = {
			isa = XCConfigurationList;
			buildConfigurations = (
				9BF4726322C1FEE6005FADB9 /* Debug */,
				9BF4726422C1FEE6005FADB9 /* Release */,
			);
			defaultConfigurationIsVisible = 0;
			defaultConfigurationName = Release;
		};
		9BF4726522C1FEE6005FADB9 /* Build configuration list for PBXNativeTarget "QQNewScheduleView" */ = {
			isa = XCConfigurationList;
			buildConfigurations = (
				9BF4726622C1FEE6005FADB9 /* Debug */,
				9BF4726722C1FEE6005FADB9 /* Release */,
			);
			defaultConfigurationIsVisible = 0;
			defaultConfigurationName = Release;
		};
/* End XCConfigurationList section */
	};
	rootObject = 9BF4724722C1FEE4005FADB9 /* Project object */;
}
